
Microsoft Visual Studio Solution File, Format Version 12.00
# Visual Studio 14
VisualStudioVersion = 14.0.23107.0
MinimumVisualStudioVersion = 10.0.40219.1
Project("{FAE04EC0-301F-11D3-BF4B-00C04F79EFBC}") = "SassSharp", "SassSharp\SassSharp.csproj", "{7E91AD7E-51C7-4F5B-8CF6-F135D46F763B}"
EndProject
Project("{FAE04EC0-301F-11D3-BF4B-00C04F79EFBC}") = "SassSharp.Tests", "SassSharp.Tests\SassSharp.Tests.csproj", "{B6C1E46B-3AC6-40E7-BC90-6A94D3E9E360}"
EndProject
Global
	GlobalSection(SolutionConfigurationPlatforms) = preSolution
		Debug|Any CPU = Debug|Any CPU
		Release|Any CPU = Release|Any CPU
	EndGlobalSection
	GlobalSection(ProjectConfigurationPlatforms) = postSolution
		{7E91AD7E-51C7-4F5B-8CF6-F135D46F763B}.Debug|Any CPU.ActiveCfg = Debug|Any CPU
		{7E91AD7E-51C7-4F5B-8CF6-F135D46F763B}.Debug|Any CPU.Build.0 = Debug|Any CPU
		{7E91AD7E-51C7-4F5B-8CF6-F135D46F763B}.Release|Any CPU.ActiveCfg = Release|Any CPU
		{7E91AD7E-51C7-4F5B-8CF6-F135D46F763B}.Release|Any CPU.Build.0 = Release|Any CPU
		{B6C1E46B-3AC6-40E7-BC90-6A94D3E9E360}.Debug|Any CPU.ActiveCfg = Debug|Any CPU
		{B6C1E46B-3AC6-40E7-BC90-6A94D3E9E360}.Debug|Any CPU.Build.0 = Debug|Any CPU
		{B6C1E46B-3AC6-40E7-BC90-6A94D3E9E360}.Release|Any CPU.ActiveCfg = Release|Any CPU
		{B6C1E46B-3AC6-40E7-BC90-6A94D3E9E360}.Release|Any CPU.Build.0 = Release|Any CPU
	EndGlobalSection
	GlobalSection(SolutionProperties) = preSolution
		HideSolutionNode = FALSE
	EndGlobalSection
EndGlobal
